
Microsoft Visual Studio Solution File, Format Version 11.00
# Visual Studio 2010
Project("{8BC9CEB8-8B4A-11D0-8D11-00A0C91BC942}") = "Server", "Server\Server.vcxproj", "{07116D93-FD8B-4D9D-B07D-04B85F32FAA6}"
EndProject
Global
	GlobalSection(SolutionConfigurationPlatforms) = preSolution
		Debug|Win32 = Debug|Win32
		Release|Win32 = Release|Win32
	EndGlobalSection
	GlobalSection(ProjectConfigurationPlatforms) = postSolution
		{07116D93-FD8B-4D9D-B07D-04B85F32FAA6}.Debug|Win32.ActiveCfg = Debug|Win32
		{07116D93-FD8B-4D9D-B07D-04B85F32FAA6}.Debug|Win32.Build.0 = Debug|Win32
		{07116D93-FD8B-4D9D-B07D-04B85F32FAA6}.Release|Win32.ActiveCfg = Release|Win32
		{07116D93-FD8B-4D9D-B07D-04B85F32FAA6}.Release|Win32.Build.0 = Release|Win32
	EndGlobalSection
	GlobalSection(SolutionProperties) = preSolution
		HideSolutionNode = FALSE
	EndGlobalSection
EndGlobal
